
Microsoft Visual Studio Solution File, Format Version 12.00
# Visual Studio 15
VisualStudioVersion = 15.0.28307.136
MinimumVisualStudioVersion = 10.0.40219.1
Project("{FAE04EC0-301F-11D3-BF4B-00C04F79EFBC}") = "Features", "Features\Features.csproj", "{B0A1B972-2720-4162-826D-B117509C6007}"
EndProject
Global
	GlobalSection(SolutionConfigurationPlatforms) = preSolution
		Debug|Any CPU = Debug|Any CPU
		Release|Any CPU = Release|Any CPU
	EndGlobalSection
	GlobalSection(ProjectConfigurationPlatforms) = postSolution
		{B0A1B972-2720-4162-826D-B117509C6007}.Debug|Any CPU.ActiveCfg = Debug|Any CPU
		{B0A1B972-2720-4162-826D-B117509C6007}.Debug|Any CPU.Build.0 = Debug|Any CPU
		{B0A1B972-2720-4162-826D-B117509C6007}.Release|Any CPU.ActiveCfg = Release|Any CPU
		{B0A1B972-2720-4162-826D-B117509C6007}.Release|Any CPU.Build.0 = Release|Any CPU
	EndGlobalSection
	GlobalSection(SolutionProperties) = preSolution
		HideSolutionNode = FALSE
	EndGlobalSection
	GlobalSection(ExtensibilityGlobals) = postSolution
		SolutionGuid = {CFE3DE15-DB80-4A4A-A090-038EAA62943A}
	EndGlobalSection
EndGlobal
